
Microsoft Visual Studio Solution File, Format Version 12.00
# Visual Studio Version 17
VisualStudioVersion = 17.9.34728.123
MinimumVisualStudioVersion = 10.0.40219.1
Project("{FAE04EC0-301F-11D3-BF4B-00C04F79EFBC}") = "CallbackCs_from_Cpp", "CallbackCs_from_Cpp\CallbackCs_from_Cpp.csproj", "{4F56C7FA-F77E-4F7F-B955-839A6FFE5081}"
EndProject
Project("{8BC9CEB8-8B4A-11D0-8D11-00A0C91BC942}") = "calllib", "calllib\calllib.vcxproj", "{A84D0C01-1EA2-4C23-8E29-3F30A6F1933E}"
EndProject
Global
	GlobalSection(SolutionConfigurationPlatforms) = preSolution
		Debug|Any CPU = Debug|Any CPU
		Debug|x64 = Debug|x64
		Debug|x86 = Debug|x86
		Release|Any CPU = Release|Any CPU
		Release|x64 = Release|x64
		Release|x86 = Release|x86
	EndGlobalSection
	GlobalSection(ProjectConfigurationPlatforms) = postSolution
		{4F56C7FA-F77E-4F7F-B955-839A6FFE5081}.Debug|Any CPU.ActiveCfg = Debug|Any CPU
		{4F56C7FA-F77E-4F7F-B955-839A6FFE5081}.Debug|Any CPU.Build.0 = Debug|Any CPU
		{4F56C7FA-F77E-4F7F-B955-839A6FFE5081}.Debug|x64.ActiveCfg = Debug|Any CPU
		{4F56C7FA-F77E-4F7F-B955-839A6FFE5081}.Debug|x64.Build.0 = Debug|Any CPU
		{4F56C7FA-F77E-4F7F-B955-839A6FFE5081}.Debug|x86.ActiveCfg = Debug|Any CPU
		{4F56C7FA-F77E-4F7F-B955-839A6FFE5081}.Debug|x86.Build.0 = Debug|Any CPU
		{4F56C7FA-F77E-4F7F-B955-839A6FFE5081}.Release|Any CPU.ActiveCfg = Release|Any CPU
		{4F56C7FA-F77E-4F7F-B955-839A6FFE5081}.Release|Any CPU.Build.0 = Release|Any CPU
		{4F56C7FA-F77E-4F7F-B955-839A6FFE5081}.Release|x64.ActiveCfg = Release|Any CPU
		{4F56C7FA-F77E-4F7F-B955-839A6FFE5081}.Release|x64.Build.0 = Release|Any CPU
		{4F56C7FA-F77E-4F7F-B955-839A6FFE5081}.Release|x86.ActiveCfg = Release|Any CPU
		{4F56C7FA-F77E-4F7F-B955-839A6FFE5081}.Release|x86.Build.0 = Release|Any CPU
		{A84D0C01-1EA2-4C23-8E29-3F30A6F1933E}.Debug|Any CPU.ActiveCfg = Release|x64
		{A84D0C01-1EA2-4C23-8E29-3F30A6F1933E}.Debug|Any CPU.Build.0 = Release|x64
		{A84D0C01-1EA2-4C23-8E29-3F30A6F1933E}.Debug|x64.ActiveCfg = Debug|x64
		{A84D0C01-1EA2-4C23-8E29-3F30A6F1933E}.Debug|x64.Build.0 = Debug|x64
		{A84D0C01-1EA2-4C23-8E29-3F30A6F1933E}.Debug|x86.ActiveCfg = Debug|Win32
		{A84D0C01-1EA2-4C23-8E29-3F30A6F1933E}.Debug|x86.Build.0 = Debug|Win32
		{A84D0C01-1EA2-4C23-8E29-3F30A6F1933E}.Release|Any CPU.ActiveCfg = Release|x64
		{A84D0C01-1EA2-4C23-8E29-3F30A6F1933E}.Release|Any CPU.Build.0 = Release|x64
		{A84D0C01-1EA2-4C23-8E29-3F30A6F1933E}.Release|x64.ActiveCfg = Release|x64
		{A84D0C01-1EA2-4C23-8E29-3F30A6F1933E}.Release|x64.Build.0 = Release|x64
		{A84D0C01-1EA2-4C23-8E29-3F30A6F1933E}.Release|x86.ActiveCfg = Release|Win32
		{A84D0C01-1EA2-4C23-8E29-3F30A6F1933E}.Release|x86.Build.0 = Release|Win32
	EndGlobalSection
	GlobalSection(SolutionProperties) = preSolution
		HideSolutionNode = FALSE
	EndGlobalSection
	GlobalSection(ExtensibilityGlobals) = postSolution
		SolutionGuid = {55BA15C2-FAF4-4F68-BB33-67923C0B7756}
	EndGlobalSection
EndGlobal
